// !$*UTF8*$!
{
	archiveVersion = 1;
	classes = {
	};
	objectVersion = 50;
	objects = {

/* Begin PBXBuildFile section */
		DE58A2EF25E34CBF004F0BCF /* ResultsViewControllerTest.swift in Sources */ = {isa = PBXBuildFile; fileRef = DE58A2EE25E34CBF004F0BCF /* ResultsViewControllerTest.swift */; };
		DE58A2F525E350DC004F0BCF /* ResultsViewController.swift in Sources */ = {isa = PBXBuildFile; fileRef = DE58A2F425E350DC004F0BCF /* ResultsViewController.swift */; };
		DE58A2F925E35287004F0BCF /* ResultsViewController.xib in Resources */ = {isa = PBXBuildFile; fileRef = DE58A2F825E35287004F0BCF /* ResultsViewController.xib */; };
		DE58A2FF25E36273004F0BCF /* TabelViewHelpers.swift in Sources */ = {isa = PBXBuildFile; fileRef = DE58A2FE25E36273004F0BCF /* TabelViewHelpers.swift */; };
		DE58A30525E369D5004F0BCF /* CorrectAnswerCell.xib in Resources */ = {isa = PBXBuildFile; fileRef = DE58A30425E369D5004F0BCF /* CorrectAnswerCell.xib */; };
		DE58A30925E40C9F004F0BCF /* WrongAnswerCell.xib in Resources */ = {isa = PBXBuildFile; fileRef = DE58A30825E40C9F004F0BCF /* WrongAnswerCell.xib */; };
		DE58A30D25E48AFB004F0BCF /* UITableViewExtensions.swift in Sources */ = {isa = PBXBuildFile; fileRef = DE58A30C25E48AFB004F0BCF /* UITableViewExtensions.swift */; };
		DE58A31125E48B4C004F0BCF /* PresentableAnswer.swift in Sources */ = {isa = PBXBuildFile; fileRef = DE58A31025E48B4C004F0BCF /* PresentableAnswer.swift */; };
		DE58A31525E48B8F004F0BCF /* CorrectAnswerCell.swift in Sources */ = {isa = PBXBuildFile; fileRef = DE58A31425E48B8F004F0BCF /* CorrectAnswerCell.swift */; };
		DE58A31925E48BAF004F0BCF /* WrongAnswerCell.swift in Sources */ = {isa = PBXBuildFile; fileRef = DE58A31825E48BAF004F0BCF /* WrongAnswerCell.swift */; };
		DED0E10F25C2259400BAD3C4 /* AppDelegate.swift in Sources */ = {isa = PBXBuildFile; fileRef = DED0E10E25C2259400BAD3C4 /* AppDelegate.swift */; };
		DED0E11125C2259400BAD3C4 /* SceneDelegate.swift in Sources */ = {isa = PBXBuildFile; fileRef = DED0E11025C2259400BAD3C4 /* SceneDelegate.swift */; };
		DED0E11825C2259500BAD3C4 /* Assets.xcassets in Resources */ = {isa = PBXBuildFile; fileRef = DED0E11725C2259500BAD3C4 /* Assets.xcassets */; };
		DED0E11B25C2259500BAD3C4 /* LaunchScreen.storyboard in Resources */ = {isa = PBXBuildFile; fileRef = DED0E11925C2259500BAD3C4 /* LaunchScreen.storyboard */; };
		DED0E14B25C2280B00BAD3C4 /* QuestionViewControllerTests.swift in Sources */ = {isa = PBXBuildFile; fileRef = DED0E14A25C2280B00BAD3C4 /* QuestionViewControllerTests.swift */; };
		DED0E15025C2291900BAD3C4 /* QuestionViewController.swift in Sources */ = {isa = PBXBuildFile; fileRef = DED0E14F25C2291900BAD3C4 /* QuestionViewController.swift */; };
		DED0E15525C22A7D00BAD3C4 /* QuestionViewController.xib in Resources */ = {isa = PBXBuildFile; fileRef = DED0E15425C22A7D00BAD3C4 /* QuestionViewController.xib */; };
/* End PBXBuildFile section */

/* Begin PBXContainerItemProxy section */
		DED0E12225C2259500BAD3C4 /* PBXContainerItemProxy */ = {
			isa = PBXContainerItemProxy;
			containerPortal = DED0E10325C2259400BAD3C4 /* Project object */;
			proxyType = 1;
			remoteGlobalIDString = DED0E10A25C2259400BAD3C4;
			remoteInfo = QuizApp;
		};
/* End PBXContainerItemProxy section */

/* Begin PBXFileReference section */
		DE58A2EE25E34CBF004F0BCF /* ResultsViewControllerTest.swift */ = {isa = PBXFileReference; lastKnownFileType = sourcecode.swift; path = ResultsViewControllerTest.swift; sourceTree = "<group>"; };
		DE58A2F425E350DC004F0BCF /* ResultsViewController.swift */ = {isa = PBXFileReference; lastKnownFileType = sourcecode.swift; path = ResultsViewController.swift; sourceTree = "<group>"; };
		DE58A2F825E35287004F0BCF /* ResultsViewController.xib */ = {isa = PBXFileReference; lastKnownFileType = file.xib; path = ResultsViewController.xib; sourceTree = "<group>"; };
		DE58A2FE25E36273004F0BCF /* TabelViewHelpers.swift */ = {isa = PBXFileReference; lastKnownFileType = sourcecode.swift; path = TabelViewHelpers.swift; sourceTree = "<group>"; };
		DE58A30425E369D5004F0BCF /* CorrectAnswerCell.xib */ = {isa = PBXFileReference; lastKnownFileType = file.xib; path = CorrectAnswerCell.xib; sourceTree = "<group>"; };
		DE58A30825E40C9F004F0BCF /* WrongAnswerCell.xib */ = {isa = PBXFileReference; lastKnownFileType = file.xib; path = WrongAnswerCell.xib; sourceTree = "<group>"; };
		DE58A30C25E48AFB004F0BCF /* UITableViewExtensions.swift */ = {isa = PBXFileReference; lastKnownFileType = sourcecode.swift; path = UITableViewExtensions.swift; sourceTree = "<group>"; };
		DE58A31025E48B4C004F0BCF /* PresentableAnswer.swift */ = {isa = PBXFileReference; lastKnownFileType = sourcecode.swift; path = PresentableAnswer.swift; sourceTree = "<group>"; };
		DE58A31425E48B8F004F0BCF /* CorrectAnswerCell.swift */ = {isa = PBXFileReference; lastKnownFileType = sourcecode.swift; path = CorrectAnswerCell.swift; sourceTree = "<group>"; };
		DE58A31825E48BAF004F0BCF /* WrongAnswerCell.swift */ = {isa = PBXFileReference; lastKnownFileType = sourcecode.swift; path = WrongAnswerCell.swift; sourceTree = "<group>"; };
		DED0E10B25C2259400BAD3C4 /* QuizApp.app */ = {isa = PBXFileReference; explicitFileType = wrapper.application; includeInIndex = 0; path = QuizApp.app; sourceTree = BUILT_PRODUCTS_DIR; };
		DED0E10E25C2259400BAD3C4 /* AppDelegate.swift */ = {isa = PBXFileReference; lastKnownFileType = sourcecode.swift; path = AppDelegate.swift; sourceTree = "<group>"; };
		DED0E11025C2259400BAD3C4 /* SceneDelegate.swift */ = {isa = PBXFileReference; lastKnownFileType = sourcecode.swift; path = SceneDelegate.swift; sourceTree = "<group>"; };
		DED0E11725C2259500BAD3C4 /* Assets.xcassets */ = {isa = PBXFileReference; lastKnownFileType = folder.assetcatalog; path = Assets.xcassets; sourceTree = "<group>"; };
		DED0E11A25C2259500BAD3C4 /* Base */ = {isa = PBXFileReference; lastKnownFileType = file.storyboard; name = Base; path = Base.lproj/LaunchScreen.storyboard; sourceTree = "<group>"; };
		DED0E11C25C2259500BAD3C4 /* Info.plist */ = {isa = PBXFileReference; lastKnownFileType = text.plist.xml; path = Info.plist; sourceTree = "<group>"; };
		DED0E12125C2259500BAD3C4 /* QuizAppTests.xctest */ = {isa = PBXFileReference; explicitFileType = wrapper.cfbundle; includeInIndex = 0; path = QuizAppTests.xctest; sourceTree = BUILT_PRODUCTS_DIR; };
		DED0E12725C2259500BAD3C4 /* Info.plist */ = {isa = PBXFileReference; lastKnownFileType = text.plist.xml; path = Info.plist; sourceTree = "<group>"; };
		DED0E14A25C2280B00BAD3C4 /* QuestionViewControllerTests.swift */ = {isa = PBXFileReference; lastKnownFileType = sourcecode.swift; path = QuestionViewControllerTests.swift; sourceTree = "<group>"; };
		DED0E14F25C2291900BAD3C4 /* QuestionViewController.swift */ = {isa = PBXFileReference; lastKnownFileType = sourcecode.swift; path = QuestionViewController.swift; sourceTree = "<group>"; };
		DED0E15425C22A7D00BAD3C4 /* QuestionViewController.xib */ = {isa = PBXFileReference; lastKnownFileType = file.xib; path = QuestionViewController.xib; sourceTree = "<group>"; };
/* End PBXFileReference section */

/* Begin PBXFrameworksBuildPhase section */
		DED0E10825C2259400BAD3C4 /* Frameworks */ = {
			isa = PBXFrameworksBuildPhase;
			buildActionMask = 2147483647;
			files = (
			);
			runOnlyForDeploymentPostprocessing = 0;
		};
		DED0E11E25C2259500BAD3C4 /* Frameworks */ = {
			isa = PBXFrameworksBuildPhase;
			buildActionMask = 2147483647;
			files = (
			);
			runOnlyForDeploymentPostprocessing = 0;
		};
/* End PBXFrameworksBuildPhase section */

/* Begin PBXGroup section */
		DED0E10225C2259400BAD3C4 = {
			isa = PBXGroup;
			children = (
				DED0E10D25C2259400BAD3C4 /* QuizApp */,
				DED0E12425C2259500BAD3C4 /* QuizAppTests */,
				DED0E10C25C2259400BAD3C4 /* Products */,
			);
			sourceTree = "<group>";
		};
		DED0E10C25C2259400BAD3C4 /* Products */ = {
			isa = PBXGroup;
			children = (
				DED0E10B25C2259400BAD3C4 /* QuizApp.app */,
				DED0E12125C2259500BAD3C4 /* QuizAppTests.xctest */,
			);
			name = Products;
			sourceTree = "<group>";
		};
		DED0E10D25C2259400BAD3C4 /* QuizApp */ = {
			isa = PBXGroup;
			children = (
				DED0E10E25C2259400BAD3C4 /* AppDelegate.swift */,
				DED0E11025C2259400BAD3C4 /* SceneDelegate.swift */,
				DED0E11725C2259500BAD3C4 /* Assets.xcassets */,
				DED0E11925C2259500BAD3C4 /* LaunchScreen.storyboard */,
				DED0E11C25C2259500BAD3C4 /* Info.plist */,
				DED0E14F25C2291900BAD3C4 /* QuestionViewController.swift */,
				DED0E15425C22A7D00BAD3C4 /* QuestionViewController.xib */,
				DE58A2F425E350DC004F0BCF /* ResultsViewController.swift */,
				DE58A31025E48B4C004F0BCF /* PresentableAnswer.swift */,
				DE58A31425E48B8F004F0BCF /* CorrectAnswerCell.swift */,
				DE58A31825E48BAF004F0BCF /* WrongAnswerCell.swift */,
				DE58A2F825E35287004F0BCF /* ResultsViewController.xib */,
				DE58A30425E369D5004F0BCF /* CorrectAnswerCell.xib */,
				DE58A30825E40C9F004F0BCF /* WrongAnswerCell.xib */,
				DE58A30C25E48AFB004F0BCF /* UITableViewExtensions.swift */,
			);
			path = QuizApp;
			sourceTree = "<group>";
		};
		DED0E12425C2259500BAD3C4 /* QuizAppTests */ = {
			isa = PBXGroup;
			children = (
				DED0E12725C2259500BAD3C4 /* Info.plist */,
				DED0E14A25C2280B00BAD3C4 /* QuestionViewControllerTests.swift */,
				DE58A2EE25E34CBF004F0BCF /* ResultsViewControllerTest.swift */,
				DE58A2FE25E36273004F0BCF /* TabelViewHelpers.swift */,
			);
			path = QuizAppTests;
			sourceTree = "<group>";
		};
/* End PBXGroup section */

/* Begin PBXNativeTarget section */
		DED0E10A25C2259400BAD3C4 /* QuizApp */ = {
			isa = PBXNativeTarget;
			buildConfigurationList = DED0E13525C2259500BAD3C4 /* Build configuration list for PBXNativeTarget "QuizApp" */;
			buildPhases = (
				DED0E10725C2259400BAD3C4 /* Sources */,
				DED0E10825C2259400BAD3C4 /* Frameworks */,
				DED0E10925C2259400BAD3C4 /* Resources */,
			);
			buildRules = (
			);
			dependencies = (
			);
			name = QuizApp;
			productName = QuizApp;
			productReference = DED0E10B25C2259400BAD3C4 /* QuizApp.app */;
			productType = "com.apple.product-type.application";
		};
		DED0E12025C2259500BAD3C4 /* QuizAppTests */ = {
			isa = PBXNativeTarget;
			buildConfigurationList = DED0E13825C2259500BAD3C4 /* Build configuration list for PBXNativeTarget "QuizAppTests" */;
			buildPhases = (
				DED0E11D25C2259500BAD3C4 /* Sources */,
				DED0E11E25C2259500BAD3C4 /* Frameworks */,
				DED0E11F25C2259500BAD3C4 /* Resources */,
			);
			buildRules = (
			);
			dependencies = (
				DED0E12325C2259500BAD3C4 /* PBXTargetDependency */,
			);
			name = QuizAppTests;
			productName = QuizAppTests;
			productReference = DED0E12125C2259500BAD3C4 /* QuizAppTests.xctest */;
			productType = "com.apple.product-type.bundle.unit-test";
		};
/* End PBXNativeTarget section */

/* Begin PBXProject section */
		DED0E10325C2259400BAD3C4 /* Project object */ = {
			isa = PBXProject;
			attributes = {
				LastSwiftUpdateCheck = 1240;
				LastUpgradeCheck = 1240;
				TargetAttributes = {
					DED0E10A25C2259400BAD3C4 = {
						CreatedOnToolsVersion = 12.4;
					};
					DED0E12025C2259500BAD3C4 = {
						CreatedOnToolsVersion = 12.4;
						LastSwiftMigration = 1240;
						TestTargetID = DED0E10A25C2259400BAD3C4;
					};
				};
			};
			buildConfigurationList = DED0E10625C2259400BAD3C4 /* Build configuration list for PBXProject "QuizApp" */;
			compatibilityVersion = "Xcode 9.3";
			developmentRegion = en;
			hasScannedForEncodings = 0;
			knownRegions = (
				en,
				Base,
			);
			mainGroup = DED0E10225C2259400BAD3C4;
			productRefGroup = DED0E10C25C2259400BAD3C4 /* Products */;
			projectDirPath = "";
			projectRoot = "";
			targets = (
				DED0E10A25C2259400BAD3C4 /* QuizApp */,
				DED0E12025C2259500BAD3C4 /* QuizAppTests */,
			);
		};
/* End PBXProject section */

/* Begin PBXResourcesBuildPhase section */
		DED0E10925C2259400BAD3C4 /* Resources */ = {
			isa = PBXResourcesBuildPhase;
			buildActionMask = 2147483647;
			files = (
				DED0E11B25C2259500BAD3C4 /* LaunchScreen.storyboard in Resources */,
				DE58A30925E40C9F004F0BCF /* WrongAnswerCell.xib in Resources */,
				DED0E11825C2259500BAD3C4 /* Assets.xcassets in Resources */,
				DED0E15525C22A7D00BAD3C4 /* QuestionViewController.xib in Resources */,
				DE58A30525E369D5004F0BCF /* CorrectAnswerCell.xib in Resources */,
				DE58A2F925E35287004F0BCF /* ResultsViewController.xib in Resources */,
			);
			runOnlyForDeploymentPostprocessing = 0;
		};
		DED0E11F25C2259500BAD3C4 /* Resources */ = {
			isa = PBXResourcesBuildPhase;
			buildActionMask = 2147483647;
			files = (
			);
			runOnlyForDeploymentPostprocessing = 0;
		};
/* End PBXResourcesBuildPhase section */

/* Begin PBXSourcesBuildPhase section */
		DED0E10725C2259400BAD3C4 /* Sources */ = {
			isa = PBXSourcesBuildPhase;
			buildActionMask = 2147483647;
			files = (
				DE58A30D25E48AFB004F0BCF /* UITableViewExtensions.swift in Sources */,
				DED0E10F25C2259400BAD3C4 /* AppDelegate.swift in Sources */,
				DE58A31525E48B8F004F0BCF /* CorrectAnswerCell.swift in Sources */,
				DED0E11125C2259400BAD3C4 /* SceneDelegate.swift in Sources */,
				DE58A31125E48B4C004F0BCF /* PresentableAnswer.swift in Sources */,
				DE58A31925E48BAF004F0BCF /* WrongAnswerCell.swift in Sources */,
				DED0E15025C2291900BAD3C4 /* QuestionViewController.swift in Sources */,
				DE58A2F525E350DC004F0BCF /* ResultsViewController.swift in Sources */,
			);
			runOnlyForDeploymentPostprocessing = 0;
		};
		DED0E11D25C2259500BAD3C4 /* Sources */ = {
			isa = PBXSourcesBuildPhase;
			buildActionMask = 2147483647;
			files = (
				DE58A2FF25E36273004F0BCF /* TabelViewHelpers.swift in Sources */,
				DED0E14B25C2280B00BAD3C4 /* QuestionViewControllerTests.swift in Sources */,
				DE58A2EF25E34CBF004F0BCF /* ResultsViewControllerTest.swift in Sources */,
			);
			runOnlyForDeploymentPostprocessing = 0;
		};
/* End PBXSourcesBuildPhase section */

/* Begin PBXTargetDependency section */
		DED0E12325C2259500BAD3C4 /* PBXTargetDependency */ = {
			isa = PBXTargetDependency;
			target = DED0E10A25C2259400BAD3C4 /* QuizApp */;
			targetProxy = DED0E12225C2259500BAD3C4 /* PBXContainerItemProxy */;
		};
/* End PBXTargetDependency section */

/* Begin PBXVariantGroup section */
		DED0E11925C2259500BAD3C4 /* LaunchScreen.storyboard */ = {
			isa = PBXVariantGroup;
			children = (
				DED0E11A25C2259500BAD3C4 /* Base */,
			);
			name = LaunchScreen.storyboard;
			sourceTree = "<group>";
		};
/* End PBXVariantGroup section */

/* Begin XCBuildConfiguration section */
		DED0E13325C2259500BAD3C4 /* Debug */ = {
			isa = XCBuildConfiguration;
			buildSettings = {
				ALWAYS_SEARCH_USER_PATHS = NO;
				CLANG_ANALYZER_NONNULL = YES;
				CLANG_ANALYZER_NUMBER_OBJECT_CONVERSION = YES_AGGRESSIVE;
				CLANG_CXX_LANGUAGE_STANDARD = "gnu++14";
				CLANG_CXX_LIBRARY = "libc++";
				CLANG_ENABLE_MODULES = YES;
				CLANG_ENABLE_OBJC_ARC = YES;
				CLANG_ENABLE_OBJC_WEAK = YES;
				CLANG_WARN_BLOCK_CAPTURE_AUTORELEASING = YES;
				CLANG_WARN_BOOL_CONVERSION = YES;
				CLANG_WARN_COMMA = YES;
				CLANG_WARN_CONSTANT_CONVERSION = YES;
				CLANG_WARN_DEPRECATED_OBJC_IMPLEMENTATIONS = YES;
				CLANG_WARN_DIRECT_OBJC_ISA_USAGE = YES_ERROR;
				CLANG_WARN_DOCUMENTATION_COMMENTS = YES;
				CLANG_WARN_EMPTY_BODY = YES;
				CLANG_WARN_ENUM_CONVERSION = YES;
				CLANG_WARN_INFINITE_RECURSION = YES;
				CLANG_WARN_INT_CONVERSION = YES;
				CLANG_WARN_NON_LITERAL_NULL_CONVERSION = YES;
				CLANG_WARN_OBJC_IMPLICIT_RETAIN_SELF = YES;
				CLANG_WARN_OBJC_LITERAL_CONVERSION = YES;
				CLANG_WARN_OBJC_ROOT_CLASS = YES_ERROR;
				CLANG_WARN_QUOTED_INCLUDE_IN_FRAMEWORK_HEADER = YES;
				CLANG_WARN_RANGE_LOOP_ANALYSIS = YES;
				CLANG_WARN_STRICT_PROTOTYPES = YES;
				CLANG_WARN_SUSPICIOUS_MOVE = YES;
				CLANG_WARN_UNGUARDED_AVAILABILITY = YES_AGGRESSIVE;
				CLANG_WARN_UNREACHABLE_CODE = YES;
				CLANG_WARN__DUPLICATE_METHOD_MATCH = YES;
				COPY_PHASE_STRIP = NO;
				DEBUG_INFORMATION_FORMAT = dwarf;
				ENABLE_STRICT_OBJC_MSGSEND = YES;
				ENABLE_TESTABILITY = YES;
				GCC_C_LANGUAGE_STANDARD = gnu11;
				GCC_DYNAMIC_NO_PIC = NO;
				GCC_NO_COMMON_BLOCKS = YES;
				GCC_OPTIMIZATION_LEVEL = 0;
				GCC_PREPROCESSOR_DEFINITIONS = (
					"DEBUG=1",
					"$(inherited)",
				);
				GCC_WARN_64_TO_32_BIT_CONVERSION = YES;
				GCC_WARN_ABOUT_RETURN_TYPE = YES_ERROR;
				GCC_WARN_UNDECLARED_SELECTOR = YES;
				GCC_WARN_UNINITIALIZED_AUTOS = YES_AGGRESSIVE;
				GCC_WARN_UNUSED_FUNCTION = YES;
				GCC_WARN_UNUSED_VARIABLE = YES;
				IPHONEOS_DEPLOYMENT_TARGET = 14.4;
				MTL_ENABLE_DEBUG_INFO = INCLUDE_SOURCE;
				MTL_FAST_MATH = YES;
				ONLY_ACTIVE_ARCH = YES;
				SDKROOT = iphoneos;
				SWIFT_ACTIVE_COMPILATION_CONDITIONS = DEBUG;
				SWIFT_OPTIMIZATION_LEVEL = "-Onone";
			};
			name = Debug;
		};
		DED0E13425C2259500BAD3C4 /* Release */ = {
			isa = XCBuildConfiguration;
			buildSettings = {
				ALWAYS_SEARCH_USER_PATHS = NO;
				CLANG_ANALYZER_NONNULL = YES;
				CLANG_ANALYZER_NUMBER_OBJECT_CONVERSION = YES_AGGRESSIVE;
				CLANG_CXX_LANGUAGE_STANDARD = "gnu++14";
				CLANG_CXX_LIBRARY = "libc++";
				CLANG_ENABLE_MODULES = YES;
				CLANG_ENABLE_OBJC_ARC = YES;
				CLANG_ENABLE_OBJC_WEAK = YES;
				CLANG_WARN_BLOCK_CAPTURE_AUTORELEASING = YES;
				CLANG_WARN_BOOL_CONVERSION = YES;
				CLANG_WARN_COMMA = YES;
				CLANG_WARN_CONSTANT_CONVERSION = YES;
				CLANG_WARN_DEPRECATED_OBJC_IMPLEMENTATIONS = YES;
				CLANG_WARN_DIRECT_OBJC_ISA_USAGE = YES_ERROR;
				CLANG_WARN_DOCUMENTATION_COMMENTS = YES;
				CLANG_WARN_EMPTY_BODY = YES;
				CLANG_WARN_ENUM_CONVERSION = YES;
				CLANG_WARN_INFINITE_RECURSION = YES;
				CLANG_WARN_INT_CONVERSION = YES;
				CLANG_WARN_NON_LITERAL_NULL_CONVERSION = YES;
				CLANG_WARN_OBJC_IMPLICIT_RETAIN_SELF = YES;
				CLANG_WARN_OBJC_LITERAL_CONVERSION = YES;
				CLANG_WARN_OBJC_ROOT_CLASS = YES_ERROR;
				CLANG_WARN_QUOTED_INCLUDE_IN_FRAMEWORK_HEADER = YES;
				CLANG_WARN_RANGE_LOOP_ANALYSIS = YES;
				CLANG_WARN_STRICT_PROTOTYPES = YES;
				CLANG_WARN_SUSPICIOUS_MOVE = YES;
				CLANG_WARN_UNGUARDED_AVAILABILITY = YES_AGGRESSIVE;
				CLANG_WARN_UNREACHABLE_CODE = YES;
				CLANG_WARN__DUPLICATE_METHOD_MATCH = YES;
				COPY_PHASE_STRIP = NO;
				DEBUG_INFORMATION_FORMAT = "dwarf-with-dsym";
				ENABLE_NS_ASSERTIONS = NO;
				ENABLE_STRICT_OBJC_MSGSEND = YES;
				GCC_C_LANGUAGE_STANDARD = gnu11;
				GCC_NO_COMMON_BLOCKS = YES;
				GCC_WARN_64_TO_32_BIT_CONVERSION = YES;
				GCC_WARN_ABOUT_RETURN_TYPE = YES_ERROR;
				GCC_WARN_UNDECLARED_SELECTOR = YES;
				GCC_WARN_UNINITIALIZED_AUTOS = YES_AGGRESSIVE;
				GCC_WARN_UNUSED_FUNCTION = YES;
				GCC_WARN_UNUSED_VARIABLE = YES;
				IPHONEOS_DEPLOYMENT_TARGET = 14.4;
				MTL_ENABLE_DEBUG_INFO = NO;
				MTL_FAST_MATH = YES;
				SDKROOT = iphoneos;
				SWIFT_COMPILATION_MODE = wholemodule;
				SWIFT_OPTIMIZATION_LEVEL = "-O";
				VALIDATE_PRODUCT = YES;
			};
			name = Release;
		};
		DED0E13625C2259500BAD3C4 /* Debug */ = {
			isa = XCBuildConfiguration;
			buildSettings = {
				ASSETCATALOG_COMPILER_APPICON_NAME = AppIcon;
				ASSETCATALOG_COMPILER_GLOBAL_ACCENT_COLOR_NAME = AccentColor;
				CODE_SIGN_STYLE = Automatic;
				DEVELOPMENT_TEAM = 33F787YXKZ;
				INFOPLIST_FILE = QuizApp/Info.plist;
				LD_RUNPATH_SEARCH_PATHS = (
					"$(inherited)",
					"@executable_path/Frameworks",
				);
				PRODUCT_BUNDLE_IDENTIFIER = com.cuttawayproductions.QuizApp;
				PRODUCT_NAME = "$(TARGET_NAME)";
				SWIFT_VERSION = 5.0;
				TARGETED_DEVICE_FAMILY = "1,2";
			};
			name = Debug;
		};
		DED0E13725C2259500BAD3C4 /* Release */ = {
			isa = XCBuildConfiguration;
			buildSettings = {
				ASSETCATALOG_COMPILER_APPICON_NAME = AppIcon;
				ASSETCATALOG_COMPILER_GLOBAL_ACCENT_COLOR_NAME = AccentColor;
				CODE_SIGN_STYLE = Automatic;
				DEVELOPMENT_TEAM = 33F787YXKZ;
				INFOPLIST_FILE = QuizApp/Info.plist;
				LD_RUNPATH_SEARCH_PATHS = (
					"$(inherited)",
					"@executable_path/Frameworks",
				);
				PRODUCT_BUNDLE_IDENTIFIER = com.cuttawayproductions.QuizApp;
				PRODUCT_NAME = "$(TARGET_NAME)";
				SWIFT_VERSION = 5.0;
				TARGETED_DEVICE_FAMILY = "1,2";
			};
			name = Release;
		};
		DED0E13925C2259500BAD3C4 /* Debug */ = {
			isa = XCBuildConfiguration;
			buildSettings = {
				ALWAYS_EMBED_SWIFT_STANDARD_LIBRARIES = YES;
				BUNDLE_LOADER = "$(TEST_HOST)";
				CLANG_ENABLE_MODULES = YES;
				CODE_SIGN_STYLE = Automatic;
				DEVELOPMENT_TEAM = 33F787YXKZ;
				INFOPLIST_FILE = QuizAppTests/Info.plist;
				IPHONEOS_DEPLOYMENT_TARGET = 14.4;
				LD_RUNPATH_SEARCH_PATHS = (
					"$(inherited)",
					"@executable_path/Frameworks",
					"@loader_path/Frameworks",
				);
				PRODUCT_BUNDLE_IDENTIFIER = com.cuttawayproductions.QuizAppTests;
				PRODUCT_NAME = "$(TARGET_NAME)";
				SWIFT_OPTIMIZATION_LEVEL = "-Onone";
				SWIFT_VERSION = 5.0;
				TARGETED_DEVICE_FAMILY = "1,2";
				TEST_HOST = "$(BUILT_PRODUCTS_DIR)/QuizApp.app/QuizApp";
			};
			name = Debug;
		};
		DED0E13A25C2259500BAD3C4 /* Release */ = {
			isa = XCBuildConfiguration;
			buildSettings = {
				ALWAYS_EMBED_SWIFT_STANDARD_LIBRARIES = YES;
				BUNDLE_LOADER = "$(TEST_HOST)";
				CLANG_ENABLE_MODULES = YES;
				CODE_SIGN_STYLE = Automatic;
				DEVELOPMENT_TEAM = 33F787YXKZ;
				INFOPLIST_FILE = QuizAppTests/Info.plist;
				IPHONEOS_DEPLOYMENT_TARGET = 14.4;
				LD_RUNPATH_SEARCH_PATHS = (
					"$(inherited)",
					"@executable_path/Frameworks",
					"@loader_path/Frameworks",
				);
				PRODUCT_BUNDLE_IDENTIFIER = com.cuttawayproductions.QuizAppTests;
				PRODUCT_NAME = "$(TARGET_NAME)";
				SWIFT_VERSION = 5.0;
				TARGETED_DEVICE_FAMILY = "1,2";
				TEST_HOST = "$(BUILT_PRODUCTS_DIR)/QuizApp.app/QuizApp";
			};
			name = Release;
		};
/* End XCBuildConfiguration section */

/* Begin XCConfigurationList section */
		DED0E10625C2259400BAD3C4 /* Build configuration list for PBXProject "QuizApp" */ = {
			isa = XCConfigurationList;
			buildConfigurations = (
				DED0E13325C2259500BAD3C4 /* Debug */,
				DED0E13425C2259500BAD3C4 /* Release */,
			);
			defaultConfigurationIsVisible = 0;
			defaultConfigurationName = Release;
		};
		DED0E13525C2259500BAD3C4 /* Build configuration list for PBXNativeTarget "QuizApp" */ = {
			isa = XCConfigurationList;
			buildConfigurations = (
				DED0E13625C2259500BAD3C4 /* Debug */,
				DED0E13725C2259500BAD3C4 /* Release */,
			);
			defaultConfigurationIsVisible = 0;
			defaultConfigurationName = Release;
		};
		DED0E13825C2259500BAD3C4 /* Build configuration list for PBXNativeTarget "QuizAppTests" */ = {
			isa = XCConfigurationList;
			buildConfigurations = (
				DED0E13925C2259500BAD3C4 /* Debug */,
				DED0E13A25C2259500BAD3C4 /* Release */,
			);
			defaultConfigurationIsVisible = 0;
			defaultConfigurationName = Release;
		};
/* End XCConfigurationList section */
	};
	rootObject = DED0E10325C2259400BAD3C4 /* Project object */;
}
